
Microsoft Visual Studio Solution File, Format Version 12.00
# Visual Studio Version 16
VisualStudioVersion = 16.0.30128.74
MinimumVisualStudioVersion = 10.0.40219.1
Project("{FAE04EC0-301F-11D3-BF4B-00C04F79EFBC}") = "chapter2_1", "chapter2_1\chapter2_1.csproj", "{45E7E68A-9866-4800-A699-153A280785E8}"
EndProject
Global
	GlobalSection(SolutionConfigurationPlatforms) = preSolution
		Debug|Any CPU = Debug|Any CPU
		Release|Any CPU = Release|Any CPU
	EndGlobalSection
	GlobalSection(ProjectConfigurationPlatforms) = postSolution
		{45E7E68A-9866-4800-A699-153A280785E8}.Debug|Any CPU.ActiveCfg = Debug|Any CPU
		{45E7E68A-9866-4800-A699-153A280785E8}.Debug|Any CPU.Build.0 = Debug|Any CPU
		{45E7E68A-9866-4800-A699-153A280785E8}.Release|Any CPU.ActiveCfg = Release|Any CPU
		{45E7E68A-9866-4800-A699-153A280785E8}.Release|Any CPU.Build.0 = Release|Any CPU
	EndGlobalSection
	GlobalSection(SolutionProperties) = preSolution
		HideSolutionNode = FALSE
	EndGlobalSection
	GlobalSection(ExtensibilityGlobals) = postSolution
		SolutionGuid = {08F280CD-021B-4530-8963-927FFA76694A}
	EndGlobalSection
EndGlobal
